
Microsoft Visual Studio Solution File, Format Version 12.00
# Visual Studio Version 17
VisualStudioVersion = 17.4.33122.133
MinimumVisualStudioVersion = 10.0.40219.1
Project("{FAE04EC0-301F-11D3-BF4B-00C04F79EFBC}") = "PerestanovkaSlov", "PerestanovkaSlov.csproj", "{39C072A3-4A6C-462A-9464-BB9BA9E5E3DD}"
EndProject
Global
	GlobalSection(SolutionConfigurationPlatforms) = preSolution
		Debug|Any CPU = Debug|Any CPU
		Release|Any CPU = Release|Any CPU
	EndGlobalSection
	GlobalSection(ProjectConfigurationPlatforms) = postSolution
		{39C072A3-4A6C-462A-9464-BB9BA9E5E3DD}.Debug|Any CPU.ActiveCfg = Debug|Any CPU
		{39C072A3-4A6C-462A-9464-BB9BA9E5E3DD}.Debug|Any CPU.Build.0 = Debug|Any CPU
		{39C072A3-4A6C-462A-9464-BB9BA9E5E3DD}.Release|Any CPU.ActiveCfg = Release|Any CPU
		{39C072A3-4A6C-462A-9464-BB9BA9E5E3DD}.Release|Any CPU.Build.0 = Release|Any CPU
	EndGlobalSection
	GlobalSection(SolutionProperties) = preSolution
		HideSolutionNode = FALSE
	EndGlobalSection
	GlobalSection(ExtensibilityGlobals) = postSolution
		SolutionGuid = {FA0A5883-4F48-48A3-82D0-E9764071AFF9}
	EndGlobalSection
EndGlobal
