
Microsoft Visual Studio Solution File, Format Version 12.00
# Visual Studio Version 17
VisualStudioVersion = 17.5.33516.290
MinimumVisualStudioVersion = 10.0.40219.1
Project("{FAE04EC0-301F-11D3-BF4B-00C04F79EFBC}") = "StrokiNaSlova", "StrokiNaSlova.csproj", "{B6D804A5-EC42-43A6-A747-FC2E4022050A}"
EndProject
Global
	GlobalSection(SolutionConfigurationPlatforms) = preSolution
		Debug|Any CPU = Debug|Any CPU
		Release|Any CPU = Release|Any CPU
	EndGlobalSection
	GlobalSection(ProjectConfigurationPlatforms) = postSolution
		{B6D804A5-EC42-43A6-A747-FC2E4022050A}.Debug|Any CPU.ActiveCfg = Debug|Any CPU
		{B6D804A5-EC42-43A6-A747-FC2E4022050A}.Debug|Any CPU.Build.0 = Debug|Any CPU
		{B6D804A5-EC42-43A6-A747-FC2E4022050A}.Release|Any CPU.ActiveCfg = Release|Any CPU
		{B6D804A5-EC42-43A6-A747-FC2E4022050A}.Release|Any CPU.Build.0 = Release|Any CPU
	EndGlobalSection
	GlobalSection(SolutionProperties) = preSolution
		HideSolutionNode = FALSE
	EndGlobalSection
	GlobalSection(ExtensibilityGlobals) = postSolution
		SolutionGuid = {33B675ED-0F5E-4DC7-A4A4-22A7BB1FD22A}
	EndGlobalSection
EndGlobal
